
Microsoft Visual Studio Solution File, Format Version 12.00
# Visual Studio Version 16
VisualStudioVersion = 16.0.30011.22
MinimumVisualStudioVersion = 10.0.40219.1
Project("{8BC9CEB8-8B4A-11D0-8D11-00A0C91BC942}") = "LinearAlgebra", "LinearAlgebra.vcxproj", "{D5E1804D-8E91-4DB7-9E45-4C1D2F24217A}"
EndProject
Global
	GlobalSection(SolutionConfigurationPlatforms) = preSolution
		Debug|x64 = Debug|x64
		Debug|x86 = Debug|x86
		Release|x64 = Release|x64
		Release|x86 = Release|x86
	EndGlobalSection
	GlobalSection(ProjectConfigurationPlatforms) = postSolution
		{D5E1804D-8E91-4DB7-9E45-4C1D2F24217A}.Debug|x64.ActiveCfg = Debug|x64
		{D5E1804D-8E91-4DB7-9E45-4C1D2F24217A}.Debug|x64.Build.0 = Debug|x64
		{D5E1804D-8E91-4DB7-9E45-4C1D2F24217A}.Debug|x86.ActiveCfg = Debug|Win32
		{D5E1804D-8E91-4DB7-9E45-4C1D2F24217A}.Debug|x86.Build.0 = Debug|Win32
		{D5E1804D-8E91-4DB7-9E45-4C1D2F24217A}.Release|x64.ActiveCfg = Release|x64
		{D5E1804D-8E91-4DB7-9E45-4C1D2F24217A}.Release|x64.Build.0 = Release|x64
		{D5E1804D-8E91-4DB7-9E45-4C1D2F24217A}.Release|x86.ActiveCfg = Release|Win32
		{D5E1804D-8E91-4DB7-9E45-4C1D2F24217A}.Release|x86.Build.0 = Release|Win32
	EndGlobalSection
	GlobalSection(SolutionProperties) = preSolution
		HideSolutionNode = FALSE
	EndGlobalSection
	GlobalSection(ExtensibilityGlobals) = postSolution
		SolutionGuid = {70A7D0A9-0CE3-4972-B54D-C7A8BD728FCA}
	EndGlobalSection
EndGlobal
